github.com/santhosh-tekuri/jsonschema/v5 v5.2.0 h1:WCcC4vZDS1tYNxjWlwRJZQy28r8CMoggKnxNzxsVDMQ=
github.com/santhosh-tekuri/jsonschema/v5 v5.2.0/go.mod h1:FKdcjfQW6rpZSnxxUvEA5H/cDPdvJ/SZJQLWWXWGrZ0=
golang.org/x/sys v0.5.0 h1:MUK/U/4lj1t1oPg0HfuXDN/Z1wv31ZJ/YcPiGccS4DU=
golang.org/x/sys v0.5.0/go.mod h1:oPkhp1MJrh7nUepCBck5+mAzfO9JrbApNNgaTdGDITg=
